{
  "name": "estrazione-babbo-natale",
  "lockfileVersion": 2,
  "requires": true,
  "packages": {
    "": {
      "dependencies": {
        "nodemailer": "^6.7.0",
        "xoauth2": "^1.2.0"
      }
    },
    "node_modules/nodemailer": {
      "version": "6.7.0",
      "resolved": "https://registry.npmjs.org/nodemailer/-/nodemailer-6.7.0.tgz",
      "integrity": "sha512-AtiTVUFHLiiDnMQ43zi0YgkzHOEWUkhDgPlBXrsDzJiJvB29Alo4OKxHQ0ugF3gRqRQIneCLtZU3yiUo7pItZw==",
      "engines": {
        "node": ">=6.0.0"
      }
    },
    "node_modules/xoauth2": {
      "version": "1.2.0",
      "resolved": "https://registry.npmjs.org/xoauth2/-/xoauth2-1.2.0.tgz",
      "integrity": "sha1-8u76wRRyyXHqO8RuVU60sSMhRuU="
    }
  },
  "dependencies": {
    "nodemailer": {
      "version": "6.7.0",
      "resolved": "https://registry.npmjs.org/nodemailer/-/nodemailer-6.7.0.tgz",
      "integrity": "sha512-AtiTVUFHLiiDnMQ43zi0YgkzHOEWUkhDgPlBXrsDzJiJvB29Alo4OKxHQ0ugF3gRqRQIneCLtZU3yiUo7pItZw=="
    },
    "xoauth2": {
      "version": "1.2.0",
      "resolved": "https://registry.npmjs.org/xoauth2/-/xoauth2-1.2.0.tgz",
      "integrity": "sha1-8u76wRRyyXHqO8RuVU60sSMhRuU="
    }
  }
}
